// !$*UTF8*$!
{
	archiveVersion = 1;
	classes = {
	};
	objectVersion = 56;
	objects = {

/* Begin PBXBuildFile section */
		1010284F04FE610B0031B681 /* Pods_SortingApp.framework in Frameworks */ = {isa = PBXBuildFile; fileRef = 1A818E00BFAF9F94BC016FD4 /* Pods_SortingApp.framework */; };
		63A63266299A6CF90084BB16 /* AppDelegate.swift in Sources */ = {isa = PBXBuildFile; fileRef = 63A63265299A6CF90084BB16 /* AppDelegate.swift */; };
		63A63268299A6CF90084BB16 /* SceneDelegate.swift in Sources */ = {isa = PBXBuildFile; fileRef = 63A63267299A6CF90084BB16 /* SceneDelegate.swift */; };
		63A6326A299A6CF90084BB16 /* ViewController.swift in Sources */ = {isa = PBXBuildFile; fileRef = 63A63269299A6CF90084BB16 /* ViewController.swift */; };
		63A6326F299A6CFA0084BB16 /* Assets.xcassets in Resources */ = {isa = PBXBuildFile; fileRef = 63A6326E299A6CFA0084BB16 /* Assets.xcassets */; };
		63A63272299A6CFA0084BB16 /* LaunchScreen.storyboard in Resources */ = {isa = PBXBuildFile; fileRef = 63A63270299A6CFA0084BB16 /* LaunchScreen.storyboard */; };
		63A6327A299A6F970084BB16 /* MainViewController.swift in Sources */ = {isa = PBXBuildFile; fileRef = 63A63279299A6F970084BB16 /* MainViewController.swift */; };
		63A6327E299A6FC30084BB16 /* Main.storyboard in Resources */ = {isa = PBXBuildFile; fileRef = 63A6327D299A6FC30084BB16 /* Main.storyboard */; };
		63A63283299A72DA0084BB16 /* SortingViewController.storyboard in Resources */ = {isa = PBXBuildFile; fileRef = 63A63282299A72DA0084BB16 /* SortingViewController.storyboard */; };
		63A63285299A72F10084BB16 /* SortingViewController.swift in Sources */ = {isa = PBXBuildFile; fileRef = 63A63284299A72F10084BB16 /* SortingViewController.swift */; };
		63A63287299A74610084BB16 /* UIViewController+Storyboard.swift in Sources */ = {isa = PBXBuildFile; fileRef = 63A63286299A74610084BB16 /* UIViewController+Storyboard.swift */; };
		63A63289299A74A10084BB16 /* Storyboard.swift in Sources */ = {isa = PBXBuildFile; fileRef = 63A63288299A74A10084BB16 /* Storyboard.swift */; };
		63A6328B299A769E0084BB16 /* SortingLogic.swift in Sources */ = {isa = PBXBuildFile; fileRef = 63A6328A299A769E0084BB16 /* SortingLogic.swift */; };
		63A6328E299A7FCF0084BB16 /* Array+Sorting.swift in Sources */ = {isa = PBXBuildFile; fileRef = 63A6328D299A7FCF0084BB16 /* Array+Sorting.swift */; };
		63A63291299A83F90084BB16 /* SortItemCell.swift in Sources */ = {isa = PBXBuildFile; fileRef = 63A6328F299A83F90084BB16 /* SortItemCell.swift */; };
		63A63292299A83F90084BB16 /* SortItemCell.xib in Resources */ = {isa = PBXBuildFile; fileRef = 63A63290299A83F90084BB16 /* SortItemCell.xib */; };
		63A63294299A84E60084BB16 /* SortingViewModel.swift in Sources */ = {isa = PBXBuildFile; fileRef = 63A63293299A84E60084BB16 /* SortingViewModel.swift */; };
		63A63296299A8AC10084BB16 /* UICollectionViewCell+Identifier.swift in Sources */ = {isa = PBXBuildFile; fileRef = 63A63295299A8AC10084BB16 /* UICollectionViewCell+Identifier.swift */; };
		63A63298299A8AE10084BB16 /* UICollectionView+Nib.swift in Sources */ = {isa = PBXBuildFile; fileRef = 63A63297299A8AE10084BB16 /* UICollectionView+Nib.swift */; };
/* End PBXBuildFile section */

/* Begin PBXFileReference section */
		16824421DC8CBA969D643F61 /* Pods-SortingApp.release.xcconfig */ = {isa = PBXFileReference; includeInIndex = 1; lastKnownFileType = text.xcconfig; name = "Pods-SortingApp.release.xcconfig"; path = "Target Support Files/Pods-SortingApp/Pods-SortingApp.release.xcconfig"; sourceTree = "<group>"; };
		1A818E00BFAF9F94BC016FD4 /* Pods_SortingApp.framework */ = {isa = PBXFileReference; explicitFileType = wrapper.framework; includeInIndex = 0; path = Pods_SortingApp.framework; sourceTree = BUILT_PRODUCTS_DIR; };
		63A63262299A6CF90084BB16 /* SortingApp.app */ = {isa = PBXFileReference; explicitFileType = wrapper.application; includeInIndex = 0; path = SortingApp.app; sourceTree = BUILT_PRODUCTS_DIR; };
		63A63265299A6CF90084BB16 /* AppDelegate.swift */ = {isa = PBXFileReference; lastKnownFileType = sourcecode.swift; path = AppDelegate.swift; sourceTree = "<group>"; };
		63A63267299A6CF90084BB16 /* SceneDelegate.swift */ = {isa = PBXFileReference; lastKnownFileType = sourcecode.swift; path = SceneDelegate.swift; sourceTree = "<group>"; };
		63A63269299A6CF90084BB16 /* ViewController.swift */ = {isa = PBXFileReference; lastKnownFileType = sourcecode.swift; path = ViewController.swift; sourceTree = "<group>"; };
		63A6326E299A6CFA0084BB16 /* Assets.xcassets */ = {isa = PBXFileReference; lastKnownFileType = folder.assetcatalog; path = Assets.xcassets; sourceTree = "<group>"; };
		63A63271299A6CFA0084BB16 /* Base */ = {isa = PBXFileReference; lastKnownFileType = file.storyboard; name = Base; path = Base.lproj/LaunchScreen.storyboard; sourceTree = "<group>"; };
		63A63273299A6CFA0084BB16 /* Info.plist */ = {isa = PBXFileReference; lastKnownFileType = text.plist.xml; path = Info.plist; sourceTree = "<group>"; };
		63A63279299A6F970084BB16 /* MainViewController.swift */ = {isa = PBXFileReference; lastKnownFileType = sourcecode.swift; path = MainViewController.swift; sourceTree = "<group>"; };
		63A6327D299A6FC30084BB16 /* Main.storyboard */ = {isa = PBXFileReference; lastKnownFileType = file.storyboard; path = Main.storyboard; sourceTree = "<group>"; };
		63A63282299A72DA0084BB16 /* SortingViewController.storyboard */ = {isa = PBXFileReference; lastKnownFileType = file.storyboard; path = SortingViewController.storyboard; sourceTree = "<group>"; };
		63A63284299A72F10084BB16 /* SortingViewController.swift */ = {isa = PBXFileReference; lastKnownFileType = sourcecode.swift; path = SortingViewController.swift; sourceTree = "<group>"; };
		63A63286299A74610084BB16 /* UIViewController+Storyboard.swift */ = {isa = PBXFileReference; lastKnownFileType = sourcecode.swift; path = "UIViewController+Storyboard.swift"; sourceTree = "<group>"; };
		63A63288299A74A10084BB16 /* Storyboard.swift */ = {isa = PBXFileReference; lastKnownFileType = sourcecode.swift; path = Storyboard.swift; sourceTree = "<group>"; };
		63A6328A299A769E0084BB16 /* SortingLogic.swift */ = {isa = PBXFileReference; lastKnownFileType = sourcecode.swift; path = SortingLogic.swift; sourceTree = "<group>"; };
		63A6328D299A7FCF0084BB16 /* Array+Sorting.swift */ = {isa = PBXFileReference; lastKnownFileType = sourcecode.swift; path = "Array+Sorting.swift"; sourceTree = "<group>"; };
		63A6328F299A83F90084BB16 /* SortItemCell.swift */ = {isa = PBXFileReference; lastKnownFileType = sourcecode.swift; path = SortItemCell.swift; sourceTree = "<group>"; };
		63A63290299A83F90084BB16 /* SortItemCell.xib */ = {isa = PBXFileReference; lastKnownFileType = file.xib; path = SortItemCell.xib; sourceTree = "<group>"; };
		63A63293299A84E60084BB16 /* SortingViewModel.swift */ = {isa = PBXFileReference; lastKnownFileType = sourcecode.swift; name = SortingViewModel.swift; path = ../../../../../Desktop/SortingViewModel.swift; sourceTree = "<group>"; };
		63A63295299A8AC10084BB16 /* UICollectionViewCell+Identifier.swift */ = {isa = PBXFileReference; lastKnownFileType = sourcecode.swift; path = "UICollectionViewCell+Identifier.swift"; sourceTree = "<group>"; };
		63A63297299A8AE10084BB16 /* UICollectionView+Nib.swift */ = {isa = PBXFileReference; lastKnownFileType = sourcecode.swift; path = "UICollectionView+Nib.swift"; sourceTree = "<group>"; };
		CB109B024364CAE5E68103B0 /* Pods-SortingApp.debug.xcconfig */ = {isa = PBXFileReference; includeInIndex = 1; lastKnownFileType = text.xcconfig; name = "Pods-SortingApp.debug.xcconfig"; path = "Target Support Files/Pods-SortingApp/Pods-SortingApp.debug.xcconfig"; sourceTree = "<group>"; };
/* End PBXFileReference section */

/* Begin PBXFrameworksBuildPhase section */
		63A6325F299A6CF90084BB16 /* Frameworks */ = {
			isa = PBXFrameworksBuildPhase;
			buildActionMask = 2147483647;
			files = (
				1010284F04FE610B0031B681 /* Pods_SortingApp.framework in Frameworks */,
			);
			runOnlyForDeploymentPostprocessing = 0;
		};
/* End PBXFrameworksBuildPhase section */

/* Begin PBXGroup section */
		04D97F6D06AEC8F2F1834B55 /* Pods */ = {
			isa = PBXGroup;
			children = (
				CB109B024364CAE5E68103B0 /* Pods-SortingApp.debug.xcconfig */,
				16824421DC8CBA969D643F61 /* Pods-SortingApp.release.xcconfig */,
			);
			path = Pods;
			sourceTree = "<group>";
		};
		63A63259299A6CF90084BB16 = {
			isa = PBXGroup;
			children = (
				63A63264299A6CF90084BB16 /* SortingApp */,
				63A63263299A6CF90084BB16 /* Products */,
				04D97F6D06AEC8F2F1834B55 /* Pods */,
				6CD093CD17A9FE201362A995 /* Frameworks */,
			);
			sourceTree = "<group>";
		};
		63A63263299A6CF90084BB16 /* Products */ = {
			isa = PBXGroup;
			children = (
				63A63262299A6CF90084BB16 /* SortingApp.app */,
			);
			name = Products;
			sourceTree = "<group>";
		};
		63A63264299A6CF90084BB16 /* SortingApp */ = {
			isa = PBXGroup;
			children = (
				63A63280299A706E0084BB16 /* Helpers */,
				63A6327F299A70660084BB16 /* Base */,
				63A6327B299A6F9C0084BB16 /* ViewControllers */,
				63A63265299A6CF90084BB16 /* AppDelegate.swift */,
				63A63267299A6CF90084BB16 /* SceneDelegate.swift */,
				63A6326E299A6CFA0084BB16 /* Assets.xcassets */,
				63A63270299A6CFA0084BB16 /* LaunchScreen.storyboard */,
				63A63273299A6CFA0084BB16 /* Info.plist */,
			);
			path = SortingApp;
			sourceTree = "<group>";
		};
		63A6327B299A6F9C0084BB16 /* ViewControllers */ = {
			isa = PBXGroup;
			children = (
				63A63281299A72A60084BB16 /* Sorting */,
				63A6327C299A6FAB0084BB16 /* Main */,
			);
			path = ViewControllers;
			sourceTree = "<group>";
		};
		63A6327C299A6FAB0084BB16 /* Main */ = {
			isa = PBXGroup;
			children = (
				63A63279299A6F970084BB16 /* MainViewController.swift */,
				63A6327D299A6FC30084BB16 /* Main.storyboard */,
			);
			path = Main;
			sourceTree = "<group>";
		};
		63A6327F299A70660084BB16 /* Base */ = {
			isa = PBXGroup;
			children = (
				63A63269299A6CF90084BB16 /* ViewController.swift */,
				63A63288299A74A10084BB16 /* Storyboard.swift */,
			);
			path = Base;
			sourceTree = "<group>";
		};
		63A63280299A706E0084BB16 /* Helpers */ = {
			isa = PBXGroup;
			children = (
				63A63286299A74610084BB16 /* UIViewController+Storyboard.swift */,
				63A6328D299A7FCF0084BB16 /* Array+Sorting.swift */,
				63A63295299A8AC10084BB16 /* UICollectionViewCell+Identifier.swift */,
				63A63297299A8AE10084BB16 /* UICollectionView+Nib.swift */,
			);
			path = Helpers;
			sourceTree = "<group>";
		};
		63A63281299A72A60084BB16 /* Sorting */ = {
			isa = PBXGroup;
			children = (
				63A6328C299A7E3E0084BB16 /* Cells */,
				63A63282299A72DA0084BB16 /* SortingViewController.storyboard */,
				63A63284299A72F10084BB16 /* SortingViewController.swift */,
				63A6328A299A769E0084BB16 /* SortingLogic.swift */,
				63A63293299A84E60084BB16 /* SortingViewModel.swift */,
			);
			path = Sorting;
			sourceTree = "<group>";
		};
		63A6328C299A7E3E0084BB16 /* Cells */ = {
			isa = PBXGroup;
			children = (
				63A6328F299A83F90084BB16 /* SortItemCell.swift */,
				63A63290299A83F90084BB16 /* SortItemCell.xib */,
			);
			path = Cells;
			sourceTree = "<group>";
		};
		6CD093CD17A9FE201362A995 /* Frameworks */ = {
			isa = PBXGroup;
			children = (
				1A818E00BFAF9F94BC016FD4 /* Pods_SortingApp.framework */,
			);
			name = Frameworks;
			sourceTree = "<group>";
		};
/* End PBXGroup section */

/* Begin PBXNativeTarget section */
		63A63261299A6CF90084BB16 /* SortingApp */ = {
			isa = PBXNativeTarget;
			buildConfigurationList = 63A63276299A6CFB0084BB16 /* Build configuration list for PBXNativeTarget "SortingApp" */;
			buildPhases = (
				9794BDD5E31A3A8BCF354B4F /* [CP] Check Pods Manifest.lock */,
				63A6325E299A6CF90084BB16 /* Sources */,
				63A6325F299A6CF90084BB16 /* Frameworks */,
				63A63260299A6CF90084BB16 /* Resources */,
			);
			buildRules = (
			);
			dependencies = (
			);
			name = SortingApp;
			productName = SortingApp;
			productReference = 63A63262299A6CF90084BB16 /* SortingApp.app */;
			productType = "com.apple.product-type.application";
		};
/* End PBXNativeTarget section */

/* Begin PBXProject section */
		63A6325A299A6CF90084BB16 /* Project object */ = {
			isa = PBXProject;
			attributes = {
				BuildIndependentTargetsInParallel = 1;
				LastSwiftUpdateCheck = 1400;
				LastUpgradeCheck = 1400;
				TargetAttributes = {
					63A63261299A6CF90084BB16 = {
						CreatedOnToolsVersion = 14.0.1;
					};
				};
			};
			buildConfigurationList = 63A6325D299A6CF90084BB16 /* Build configuration list for PBXProject "SortingApp" */;
			compatibilityVersion = "Xcode 14.0";
			developmentRegion = en;
			hasScannedForEncodings = 0;
			knownRegions = (
				en,
				Base,
			);
			mainGroup = 63A63259299A6CF90084BB16;
			productRefGroup = 63A63263299A6CF90084BB16 /* Products */;
			projectDirPath = "";
			projectRoot = "";
			targets = (
				63A63261299A6CF90084BB16 /* SortingApp */,
			);
		};
/* End PBXProject section */

/* Begin PBXResourcesBuildPhase section */
		63A63260299A6CF90084BB16 /* Resources */ = {
			isa = PBXResourcesBuildPhase;
			buildActionMask = 2147483647;
			files = (
				63A63283299A72DA0084BB16 /* SortingViewController.storyboard in Resources */,
				63A63272299A6CFA0084BB16 /* LaunchScreen.storyboard in Resources */,
				63A6326F299A6CFA0084BB16 /* Assets.xcassets in Resources */,
				63A6327E299A6FC30084BB16 /* Main.storyboard in Resources */,
				63A63292299A83F90084BB16 /* SortItemCell.xib in Resources */,
			);
			runOnlyForDeploymentPostprocessing = 0;
		};
/* End PBXResourcesBuildPhase section */

/* Begin PBXShellScriptBuildPhase section */
		9794BDD5E31A3A8BCF354B4F /* [CP] Check Pods Manifest.lock */ = {
			isa = PBXShellScriptBuildPhase;
			buildActionMask = 2147483647;
			files = (
			);
			inputFileListPaths = (
			);
			inputPaths = (
				"${PODS_PODFILE_DIR_PATH}/Podfile.lock",
				"${PODS_ROOT}/Manifest.lock",
			);
			name = "[CP] Check Pods Manifest.lock";
			outputFileListPaths = (
			);
			outputPaths = (
				"$(DERIVED_FILE_DIR)/Pods-SortingApp-checkManifestLockResult.txt",
			);
			runOnlyForDeploymentPostprocessing = 0;
			shellPath = /bin/sh;
			shellScript = "diff \"${PODS_PODFILE_DIR_PATH}/Podfile.lock\" \"${PODS_ROOT}/Manifest.lock\" > /dev/null\nif [ $? != 0 ] ; then\n    # print error to STDERR\n    echo \"error: The sandbox is not in sync with the Podfile.lock. Run 'pod install' or update your CocoaPods installation.\" >&2\n    exit 1\nfi\n# This output is used by Xcode 'outputs' to avoid re-running this script phase.\necho \"SUCCESS\" > \"${SCRIPT_OUTPUT_FILE_0}\"\n";
			showEnvVarsInLog = 0;
		};
/* End PBXShellScriptBuildPhase section */

/* Begin PBXSourcesBuildPhase section */
		63A6325E299A6CF90084BB16 /* Sources */ = {
			isa = PBXSourcesBuildPhase;
			buildActionMask = 2147483647;
			files = (
				63A6326A299A6CF90084BB16 /* ViewController.swift in Sources */,
				63A63266299A6CF90084BB16 /* AppDelegate.swift in Sources */,
				63A63268299A6CF90084BB16 /* SceneDelegate.swift in Sources */,
				63A63289299A74A10084BB16 /* Storyboard.swift in Sources */,
				63A63294299A84E60084BB16 /* SortingViewModel.swift in Sources */,
				63A63291299A83F90084BB16 /* SortItemCell.swift in Sources */,
				63A63298299A8AE10084BB16 /* UICollectionView+Nib.swift in Sources */,
				63A6328B299A769E0084BB16 /* SortingLogic.swift in Sources */,
				63A63296299A8AC10084BB16 /* UICollectionViewCell+Identifier.swift in Sources */,
				63A63285299A72F10084BB16 /* SortingViewController.swift in Sources */,
				63A6327A299A6F970084BB16 /* MainViewController.swift in Sources */,
				63A63287299A74610084BB16 /* UIViewController+Storyboard.swift in Sources */,
				63A6328E299A7FCF0084BB16 /* Array+Sorting.swift in Sources */,
			);
			runOnlyForDeploymentPostprocessing = 0;
		};
/* End PBXSourcesBuildPhase section */

/* Begin PBXVariantGroup section */
		63A63270299A6CFA0084BB16 /* LaunchScreen.storyboard */ = {
			isa = PBXVariantGroup;
			children = (
				63A63271299A6CFA0084BB16 /* Base */,
			);
			name = LaunchScreen.storyboard;
			sourceTree = "<group>";
		};
/* End PBXVariantGroup section */

/* Begin XCBuildConfiguration section */
		63A63274299A6CFA0084BB16 /* Debug */ = {
			isa = XCBuildConfiguration;
			buildSettings = {
				ALWAYS_SEARCH_USER_PATHS = NO;
				CLANG_ANALYZER_NONNULL = YES;
				CLANG_ANALYZER_NUMBER_OBJECT_CONVERSION = YES_AGGRESSIVE;
				CLANG_CXX_LANGUAGE_STANDARD = "gnu++20";
				CLANG_ENABLE_MODULES = YES;
				CLANG_ENABLE_OBJC_ARC = YES;
				CLANG_ENABLE_OBJC_WEAK = YES;
				CLANG_WARN_BLOCK_CAPTURE_AUTORELEASING = YES;
				CLANG_WARN_BOOL_CONVERSION = YES;
				CLANG_WARN_COMMA = YES;
				CLANG_WARN_CONSTANT_CONVERSION = YES;
				CLANG_WARN_DEPRECATED_OBJC_IMPLEMENTATIONS = YES;
				CLANG_WARN_DIRECT_OBJC_ISA_USAGE = YES_ERROR;
				CLANG_WARN_DOCUMENTATION_COMMENTS = YES;
				CLANG_WARN_EMPTY_BODY = YES;
				CLANG_WARN_ENUM_CONVERSION = YES;
				CLANG_WARN_INFINITE_RECURSION = YES;
				CLANG_WARN_INT_CONVERSION = YES;
				CLANG_WARN_NON_LITERAL_NULL_CONVERSION = YES;
				CLANG_WARN_OBJC_IMPLICIT_RETAIN_SELF = YES;
				CLANG_WARN_OBJC_LITERAL_CONVERSION = YES;
				CLANG_WARN_OBJC_ROOT_CLASS = YES_ERROR;
				CLANG_WARN_QUOTED_INCLUDE_IN_FRAMEWORK_HEADER = YES;
				CLANG_WARN_RANGE_LOOP_ANALYSIS = YES;
				CLANG_WARN_STRICT_PROTOTYPES = YES;
				CLANG_WARN_SUSPICIOUS_MOVE = YES;
				CLANG_WARN_UNGUARDED_AVAILABILITY = YES_AGGRESSIVE;
				CLANG_WARN_UNREACHABLE_CODE = YES;
				CLANG_WARN__DUPLICATE_METHOD_MATCH = YES;
				COPY_PHASE_STRIP = NO;
				DEBUG_INFORMATION_FORMAT = dwarf;
				ENABLE_STRICT_OBJC_MSGSEND = YES;
				ENABLE_TESTABILITY = YES;
				GCC_C_LANGUAGE_STANDARD = gnu11;
				GCC_DYNAMIC_NO_PIC = NO;
				GCC_NO_COMMON_BLOCKS = YES;
				GCC_OPTIMIZATION_LEVEL = 0;
				GCC_PREPROCESSOR_DEFINITIONS = (
					"DEBUG=1",
					"$(inherited)",
				);
				GCC_WARN_64_TO_32_BIT_CONVERSION = YES;
				GCC_WARN_ABOUT_RETURN_TYPE = YES_ERROR;
				GCC_WARN_UNDECLARED_SELECTOR = YES;
				GCC_WARN_UNINITIALIZED_AUTOS = YES_AGGRESSIVE;
				GCC_WARN_UNUSED_FUNCTION = YES;
				GCC_WARN_UNUSED_VARIABLE = YES;
				IPHONEOS_DEPLOYMENT_TARGET = 16.0;
				MTL_ENABLE_DEBUG_INFO = INCLUDE_SOURCE;
				MTL_FAST_MATH = YES;
				ONLY_ACTIVE_ARCH = YES;
				SDKROOT = iphoneos;
				SWIFT_ACTIVE_COMPILATION_CONDITIONS = DEBUG;
				SWIFT_OPTIMIZATION_LEVEL = "-Onone";
			};
			name = Debug;
		};
		63A63275299A6CFB0084BB16 /* Release */ = {
			isa = XCBuildConfiguration;
			buildSettings = {
				ALWAYS_SEARCH_USER_PATHS = NO;
				CLANG_ANALYZER_NONNULL = YES;
				CLANG_ANALYZER_NUMBER_OBJECT_CONVERSION = YES_AGGRESSIVE;
				CLANG_CXX_LANGUAGE_STANDARD = "gnu++20";
				CLANG_ENABLE_MODULES = YES;
				CLANG_ENABLE_OBJC_ARC = YES;
				CLANG_ENABLE_OBJC_WEAK = YES;
				CLANG_WARN_BLOCK_CAPTURE_AUTORELEASING = YES;
				CLANG_WARN_BOOL_CONVERSION = YES;
				CLANG_WARN_COMMA = YES;
				CLANG_WARN_CONSTANT_CONVERSION = YES;
				CLANG_WARN_DEPRECATED_OBJC_IMPLEMENTATIONS = YES;
				CLANG_WARN_DIRECT_OBJC_ISA_USAGE = YES_ERROR;
				CLANG_WARN_DOCUMENTATION_COMMENTS = YES;
				CLANG_WARN_EMPTY_BODY = YES;
				CLANG_WARN_ENUM_CONVERSION = YES;
				CLANG_WARN_INFINITE_RECURSION = YES;
				CLANG_WARN_INT_CONVERSION = YES;
				CLANG_WARN_NON_LITERAL_NULL_CONVERSION = YES;
				CLANG_WARN_OBJC_IMPLICIT_RETAIN_SELF = YES;
				CLANG_WARN_OBJC_LITERAL_CONVERSION = YES;
				CLANG_WARN_OBJC_ROOT_CLASS = YES_ERROR;
				CLANG_WARN_QUOTED_INCLUDE_IN_FRAMEWORK_HEADER = YES;
				CLANG_WARN_RANGE_LOOP_ANALYSIS = YES;
				CLANG_WARN_STRICT_PROTOTYPES = YES;
				CLANG_WARN_SUSPICIOUS_MOVE = YES;
				CLANG_WARN_UNGUARDED_AVAILABILITY = YES_AGGRESSIVE;
				CLANG_WARN_UNREACHABLE_CODE = YES;
				CLANG_WARN__DUPLICATE_METHOD_MATCH = YES;
				COPY_PHASE_STRIP = NO;
				DEBUG_INFORMATION_FORMAT = "dwarf-with-dsym";
				ENABLE_NS_ASSERTIONS = NO;
				ENABLE_STRICT_OBJC_MSGSEND = YES;
				GCC_C_LANGUAGE_STANDARD = gnu11;
				GCC_NO_COMMON_BLOCKS = YES;
				GCC_WARN_64_TO_32_BIT_CONVERSION = YES;
				GCC_WARN_ABOUT_RETURN_TYPE = YES_ERROR;
				GCC_WARN_UNDECLARED_SELECTOR = YES;
				GCC_WARN_UNINITIALIZED_AUTOS = YES_AGGRESSIVE;
				GCC_WARN_UNUSED_FUNCTION = YES;
				GCC_WARN_UNUSED_VARIABLE = YES;
				IPHONEOS_DEPLOYMENT_TARGET = 16.0;
				MTL_ENABLE_DEBUG_INFO = NO;
				MTL_FAST_MATH = YES;
				SDKROOT = iphoneos;
				SWIFT_COMPILATION_MODE = wholemodule;
				SWIFT_OPTIMIZATION_LEVEL = "-O";
				VALIDATE_PRODUCT = YES;
			};
			name = Release;
		};
		63A63277299A6CFB0084BB16 /* Debug */ = {
			isa = XCBuildConfiguration;
			baseConfigurationReference = CB109B024364CAE5E68103B0 /* Pods-SortingApp.debug.xcconfig */;
			buildSettings = {
				ASSETCATALOG_COMPILER_APPICON_NAME = AppIcon;
				ASSETCATALOG_COMPILER_GLOBAL_ACCENT_COLOR_NAME = AccentColor;
				CODE_SIGN_STYLE = Automatic;
				CURRENT_PROJECT_VERSION = 1;
				GENERATE_INFOPLIST_FILE = YES;
				INFOPLIST_FILE = SortingApp/Info.plist;
				INFOPLIST_KEY_UIApplicationSupportsIndirectInputEvents = YES;
				INFOPLIST_KEY_UILaunchStoryboardName = LaunchScreen;
				INFOPLIST_KEY_UIMainStoryboardFile = Main;
				INFOPLIST_KEY_UISupportedInterfaceOrientations_iPad = "UIInterfaceOrientationPortrait UIInterfaceOrientationPortraitUpsideDown UIInterfaceOrientationLandscapeLeft UIInterfaceOrientationLandscapeRight";
				INFOPLIST_KEY_UISupportedInterfaceOrientations_iPhone = "UIInterfaceOrientationPortrait UIInterfaceOrientationLandscapeLeft UIInterfaceOrientationLandscapeRight";
				LD_RUNPATH_SEARCH_PATHS = (
					"$(inherited)",
					"@executable_path/Frameworks",
				);
				MARKETING_VERSION = 1.0;
				PRODUCT_BUNDLE_IDENTIFIER = test.swiftui.SortingApp;
				PRODUCT_NAME = "$(TARGET_NAME)";
				SWIFT_EMIT_LOC_STRINGS = YES;
				SWIFT_VERSION = 5.0;
				TARGETED_DEVICE_FAMILY = "1,2";
			};
			name = Debug;
		};
		63A63278299A6CFB0084BB16 /* Release */ = {
			isa = XCBuildConfiguration;
			baseConfigurationReference = 16824421DC8CBA969D643F61 /* Pods-SortingApp.release.xcconfig */;
			buildSettings = {
				ASSETCATALOG_COMPILER_APPICON_NAME = AppIcon;
				ASSETCATALOG_COMPILER_GLOBAL_ACCENT_COLOR_NAME = AccentColor;
				CODE_SIGN_STYLE = Automatic;
				CURRENT_PROJECT_VERSION = 1;
				GENERATE_INFOPLIST_FILE = YES;
				INFOPLIST_FILE = SortingApp/Info.plist;
				INFOPLIST_KEY_UIApplicationSupportsIndirectInputEvents = YES;
				INFOPLIST_KEY_UILaunchStoryboardName = LaunchScreen;
				INFOPLIST_KEY_UIMainStoryboardFile = Main;
				INFOPLIST_KEY_UISupportedInterfaceOrientations_iPad = "UIInterfaceOrientationPortrait UIInterfaceOrientationPortraitUpsideDown UIInterfaceOrientationLandscapeLeft UIInterfaceOrientationLandscapeRight";
				INFOPLIST_KEY_UISupportedInterfaceOrientations_iPhone = "UIInterfaceOrientationPortrait UIInterfaceOrientationLandscapeLeft UIInterfaceOrientationLandscapeRight";
				LD_RUNPATH_SEARCH_PATHS = (
					"$(inherited)",
					"@executable_path/Frameworks",
				);
				MARKETING_VERSION = 1.0;
				PRODUCT_BUNDLE_IDENTIFIER = test.swiftui.SortingApp;
				PRODUCT_NAME = "$(TARGET_NAME)";
				SWIFT_EMIT_LOC_STRINGS = YES;
				SWIFT_VERSION = 5.0;
				TARGETED_DEVICE_FAMILY = "1,2";
			};
			name = Release;
		};
/* End XCBuildConfiguration section */

/* Begin XCConfigurationList section */
		63A6325D299A6CF90084BB16 /* Build configuration list for PBXProject "SortingApp" */ = {
			isa = XCConfigurationList;
			buildConfigurations = (
				63A63274299A6CFA0084BB16 /* Debug */,
				63A63275299A6CFB0084BB16 /* Release */,
			);
			defaultConfigurationIsVisible = 0;
			defaultConfigurationName = Release;
		};
		63A63276299A6CFB0084BB16 /* Build configuration list for PBXNativeTarget "SortingApp" */ = {
			isa = XCConfigurationList;
			buildConfigurations = (
				63A63277299A6CFB0084BB16 /* Debug */,
				63A63278299A6CFB0084BB16 /* Release */,
			);
			defaultConfigurationIsVisible = 0;
			defaultConfigurationName = Release;
		};
/* End XCConfigurationList section */
	};
	rootObject = 63A6325A299A6CF90084BB16 /* Project object */;
}
